// !$*UTF8*$!
{
	archiveVersion = 1;
	classes = {
	};
	objectVersion = 46;
	objects = {

/* Begin PBXBuildFile section */
		8ED75D62D89794AE2ED18B63 /* libPods.a in Frameworks */ = {isa = PBXBuildFile; fileRef = E68F4F9D7117CC068D370B16 /* libPods.a */; };
		B9B4824F1A624AB000045460 /* Resource.swift in Sources */ = {isa = PBXBuildFile; fileRef = B9B4824E1A624AB000045460 /* Resource.swift */; };
		B9B482521A624ADE00045460 /* Request.swift in Sources */ = {isa = PBXBuildFile; fileRef = B9B482511A624ADE00045460 /* Request.swift */; };
		B9B482551A624FF000045460 /* Image.swift in Sources */ = {isa = PBXBuildFile; fileRef = B9B482541A624FF000045460 /* Image.swift */; };
		B9B482581A62660B00045460 /* ImageCell.swift in Sources */ = {isa = PBXBuildFile; fileRef = B9B482571A62660B00045460 /* ImageCell.swift */; };
		B9CC92CE1A616122005F17F0 /* AppDelegate.swift in Sources */ = {isa = PBXBuildFile; fileRef = B9CC92CD1A616122005F17F0 /* AppDelegate.swift */; };
		B9CC92D31A616122005F17F0 /* Main.storyboard in Resources */ = {isa = PBXBuildFile; fileRef = B9CC92D11A616122005F17F0 /* Main.storyboard */; };
		B9CC92D51A616122005F17F0 /* Images.xcassets in Resources */ = {isa = PBXBuildFile; fileRef = B9CC92D41A616122005F17F0 /* Images.xcassets */; };
		B9CC92D81A616122005F17F0 /* LaunchScreen.xib in Resources */ = {isa = PBXBuildFile; fileRef = B9CC92D61A616122005F17F0 /* LaunchScreen.xib */; };
		B9CC92FC1A616BA9005F17F0 /* RootViewController.swift in Sources */ = {isa = PBXBuildFile; fileRef = B9CC92FB1A616BA9005F17F0 /* RootViewController.swift */; };
/* End PBXBuildFile section */

/* Begin PBXFileReference section */
		25B4E5357578853FDEAEAA88 /* Pods.debug.xcconfig */ = {isa = PBXFileReference; includeInIndex = 1; lastKnownFileType = text.xcconfig; name = Pods.debug.xcconfig; path = "Pods/Target Support Files/Pods/Pods.debug.xcconfig"; sourceTree = "<group>"; };
		53867B989CF54D254953728A /* Pods.release.xcconfig */ = {isa = PBXFileReference; includeInIndex = 1; lastKnownFileType = text.xcconfig; name = Pods.release.xcconfig; path = "Pods/Target Support Files/Pods/Pods.release.xcconfig"; sourceTree = "<group>"; };
		B94F53031A616E71001C3AB3 /* Obrazky-Bridging-Header.h */ = {isa = PBXFileReference; fileEncoding = 4; lastKnownFileType = sourcecode.c.h; path = "Obrazky-Bridging-Header.h"; sourceTree = "<group>"; };
		B9B4824E1A624AB000045460 /* Resource.swift */ = {isa = PBXFileReference; fileEncoding = 4; lastKnownFileType = sourcecode.swift; path = Resource.swift; sourceTree = "<group>"; };
		B9B482511A624ADE00045460 /* Request.swift */ = {isa = PBXFileReference; fileEncoding = 4; lastKnownFileType = sourcecode.swift; path = Request.swift; sourceTree = "<group>"; };
		B9B482541A624FF000045460 /* Image.swift */ = {isa = PBXFileReference; fileEncoding = 4; lastKnownFileType = sourcecode.swift; path = Image.swift; sourceTree = "<group>"; };
		B9B482571A62660B00045460 /* ImageCell.swift */ = {isa = PBXFileReference; fileEncoding = 4; lastKnownFileType = sourcecode.swift; path = ImageCell.swift; sourceTree = "<group>"; };
		B9CC92C81A616122005F17F0 /* Obrazky.app */ = {isa = PBXFileReference; explicitFileType = wrapper.application; includeInIndex = 0; path = Obrazky.app; sourceTree = BUILT_PRODUCTS_DIR; };
		B9CC92CC1A616122005F17F0 /* Info.plist */ = {isa = PBXFileReference; lastKnownFileType = text.plist.xml; path = Info.plist; sourceTree = "<group>"; };
		B9CC92CD1A616122005F17F0 /* AppDelegate.swift */ = {isa = PBXFileReference; lastKnownFileType = sourcecode.swift; path = AppDelegate.swift; sourceTree = "<group>"; };
		B9CC92D21A616122005F17F0 /* Base */ = {isa = PBXFileReference; lastKnownFileType = file.storyboard; name = Base; path = Base.lproj/Main.storyboard; sourceTree = "<group>"; };
		B9CC92D41A616122005F17F0 /* Images.xcassets */ = {isa = PBXFileReference; lastKnownFileType = folder.assetcatalog; path = Images.xcassets; sourceTree = "<group>"; };
		B9CC92D71A616122005F17F0 /* Base */ = {isa = PBXFileReference; lastKnownFileType = file.xib; name = Base; path = Base.lproj/LaunchScreen.xib; sourceTree = "<group>"; };
		B9CC92FB1A616BA9005F17F0 /* RootViewController.swift */ = {isa = PBXFileReference; fileEncoding = 4; lastKnownFileType = sourcecode.swift; path = RootViewController.swift; sourceTree = "<group>"; };
		E68F4F9D7117CC068D370B16 /* libPods.a */ = {isa = PBXFileReference; explicitFileType = archive.ar; includeInIndex = 0; path = libPods.a; sourceTree = BUILT_PRODUCTS_DIR; };
/* End PBXFileReference section */

/* Begin PBXFrameworksBuildPhase section */
		B9CC92C51A616122005F17F0 /* Frameworks */ = {
			isa = PBXFrameworksBuildPhase;
			buildActionMask = 2147483647;
			files = (
				8ED75D62D89794AE2ED18B63 /* libPods.a in Frameworks */,
			);
			runOnlyForDeploymentPostprocessing = 0;
		};
/* End PBXFrameworksBuildPhase section */

/* Begin PBXGroup section */
		ACD19DFA4A721DD1BE3F89FE /* Pods */ = {
			isa = PBXGroup;
			children = (
				25B4E5357578853FDEAEAA88 /* Pods.debug.xcconfig */,
				53867B989CF54D254953728A /* Pods.release.xcconfig */,
			);
			name = Pods;
			sourceTree = "<group>";
		};
		B94F52D91A616D8E001C3AB3 /* Frameworks */ = {
			isa = PBXGroup;
			children = (
				E68F4F9D7117CC068D370B16 /* libPods.a */,
			);
			name = Frameworks;
			sourceTree = "<group>";
		};
		B9B4824D1A624A8F00045460 /* REST */ = {
			isa = PBXGroup;
			children = (
				B9B4824E1A624AB000045460 /* Resource.swift */,
				B9B482511A624ADE00045460 /* Request.swift */,
			);
			name = REST;
			sourceTree = "<group>";
		};
		B9CC92BF1A616122005F17F0 = {
			isa = PBXGroup;
			children = (
				B9CC92CA1A616122005F17F0 /* Obrazky */,
				B94F52D91A616D8E001C3AB3 /* Frameworks */,
				B9CC92C91A616122005F17F0 /* Products */,
				ACD19DFA4A721DD1BE3F89FE /* Pods */,
			);
			sourceTree = "<group>";
		};
		B9CC92C91A616122005F17F0 /* Products */ = {
			isa = PBXGroup;
			children = (
				B9CC92C81A616122005F17F0 /* Obrazky.app */,
			);
			name = Products;
			sourceTree = "<group>";
		};
		B9CC92CA1A616122005F17F0 /* Obrazky */ = {
			isa = PBXGroup;
			children = (
				B9CC92CD1A616122005F17F0 /* AppDelegate.swift */,
				B9CC92F11A616293005F17F0 /* Classes */,
				B9CC92F01A61627B005F17F0 /* Resources */,
				B9CC92CB1A616122005F17F0 /* Supporting Files */,
			);
			path = Obrazky;
			sourceTree = "<group>";
		};
		B9CC92CB1A616122005F17F0 /* Supporting Files */ = {
			isa = PBXGroup;
			children = (
				B9CC92CC1A616122005F17F0 /* Info.plist */,
				B94F53031A616E71001C3AB3 /* Obrazky-Bridging-Header.h */,
			);
			name = "Supporting Files";
			sourceTree = "<group>";
		};
		B9CC92ED1A616256005F17F0 /* Controller */ = {
			isa = PBXGroup;
			children = (
				B9CC92FB1A616BA9005F17F0 /* RootViewController.swift */,
			);
			name = Controller;
			sourceTree = "<group>";
		};
		B9CC92EE1A61625C005F17F0 /* View */ = {
			isa = PBXGroup;
			children = (
				B9B482571A62660B00045460 /* ImageCell.swift */,
			);
			name = View;
			sourceTree = "<group>";
		};
		B9CC92EF1A616265005F17F0 /* Model */ = {
			isa = PBXGroup;
			children = (
				B9B482541A624FF000045460 /* Image.swift */,
			);
			name = Model;
			sourceTree = "<group>";
		};
		B9CC92F01A61627B005F17F0 /* Resources */ = {
			isa = PBXGroup;
			children = (
				B9CC92D41A616122005F17F0 /* Images.xcassets */,
				B9CC92D61A616122005F17F0 /* LaunchScreen.xib */,
				B9CC92D11A616122005F17F0 /* Main.storyboard */,
			);
			name = Resources;
			sourceTree = "<group>";
		};
		B9CC92F11A616293005F17F0 /* Classes */ = {
			isa = PBXGroup;
			children = (
				B9B4824D1A624A8F00045460 /* REST */,
				B9CC92ED1A616256005F17F0 /* Controller */,
				B9CC92EF1A616265005F17F0 /* Model */,
				B9CC92EE1A61625C005F17F0 /* View */,
			);
			name = Classes;
			sourceTree = "<group>";
		};
/* End PBXGroup section */

/* Begin PBXNativeTarget section */
		B9CC92C71A616122005F17F0 /* Obrazky */ = {
			isa = PBXNativeTarget;
			buildConfigurationList = B9CC92E71A616122005F17F0 /* Build configuration list for PBXNativeTarget "Obrazky" */;
			buildPhases = (
				46885F7B31BD422619010270 /* Check Pods Manifest.lock */,
				B9CC92C41A616122005F17F0 /* Sources */,
				B9CC92C51A616122005F17F0 /* Frameworks */,
				B9CC92C61A616122005F17F0 /* Resources */,
				08C062AD97889F368000BFCF /* Copy Pods Resources */,
			);
			buildRules = (
			);
			dependencies = (
			);
			name = Obrazky;
			productName = Obrazky;
			productReference = B9CC92C81A616122005F17F0 /* Obrazky.app */;
			productType = "com.apple.product-type.application";
		};
/* End PBXNativeTarget section */

/* Begin PBXProject section */
		B9CC92C01A616122005F17F0 /* Project object */ = {
			isa = PBXProject;
			attributes = {
				LastUpgradeCheck = 0620;
				ORGANIZATIONNAME = OB;
				TargetAttributes = {
					B9CC92C71A616122005F17F0 = {
						CreatedOnToolsVersion = 6.2;
					};
				};
			};
			buildConfigurationList = B9CC92C31A616122005F17F0 /* Build configuration list for PBXProject "Obrazky" */;
			compatibilityVersion = "Xcode 3.2";
			developmentRegion = English;
			hasScannedForEncodings = 0;
			knownRegions = (
				en,
				Base,
			);
			mainGroup = B9CC92BF1A616122005F17F0;
			productRefGroup = B9CC92C91A616122005F17F0 /* Products */;
			projectDirPath = "";
			projectRoot = "";
			targets = (
				B9CC92C71A616122005F17F0 /* Obrazky */,
			);
		};
/* End PBXProject section */

/* Begin PBXResourcesBuildPhase section */
		B9CC92C61A616122005F17F0 /* Resources */ = {
			isa = PBXResourcesBuildPhase;
			buildActionMask = 2147483647;
			files = (
				B9CC92D31A616122005F17F0 /* Main.storyboard in Resources */,
				B9CC92D81A616122005F17F0 /* LaunchScreen.xib in Resources */,
				B9CC92D51A616122005F17F0 /* Images.xcassets in Resources */,
			);
			runOnlyForDeploymentPostprocessing = 0;
		};
/* End PBXResourcesBuildPhase section */

/* Begin PBXShellScriptBuildPhase section */
		08C062AD97889F368000BFCF /* Copy Pods Resources */ = {
			isa = PBXShellScriptBuildPhase;
			buildActionMask = 2147483647;
			files = (
			);
			inputPaths = (
			);
			name = "Copy Pods Resources";
			outputPaths = (
			);
			runOnlyForDeploymentPostprocessing = 0;
			shellPath = /bin/sh;
			shellScript = "\"${SRCROOT}/Pods/Target Support Files/Pods/Pods-resources.sh\"\n";
			showEnvVarsInLog = 0;
		};
		46885F7B31BD422619010270 /* Check Pods Manifest.lock */ = {
			isa = PBXShellScriptBuildPhase;
			buildActionMask = 2147483647;
			files = (
			);
			inputPaths = (
			);
			name = "Check Pods Manifest.lock";
			outputPaths = (
			);
			runOnlyForDeploymentPostprocessing = 0;
			shellPath = /bin/sh;
			shellScript = "diff \"${PODS_ROOT}/../Podfile.lock\" \"${PODS_ROOT}/Manifest.lock\" > /dev/null\nif [[ $? != 0 ]] ; then\n    cat << EOM\nerror: The sandbox is not in sync with the Podfile.lock. Run 'pod install' or update your CocoaPods installation.\nEOM\n    exit 1\nfi\n";
			showEnvVarsInLog = 0;
		};
/* End PBXShellScriptBuildPhase section */

/* Begin PBXSourcesBuildPhase section */
		B9CC92C41A616122005F17F0 /* Sources */ = {
			isa = PBXSourcesBuildPhase;
			buildActionMask = 2147483647;
			files = (
				B9B4824F1A624AB000045460 /* Resource.swift in Sources */,
				B9B482521A624ADE00045460 /* Request.swift in Sources */,
				B9CC92CE1A616122005F17F0 /* AppDelegate.swift in Sources */,
				B9CC92FC1A616BA9005F17F0 /* RootViewController.swift in Sources */,
				B9B482551A624FF000045460 /* Image.swift in Sources */,
				B9B482581A62660B00045460 /* ImageCell.swift in Sources */,
			);
			runOnlyForDeploymentPostprocessing = 0;
		};
/* End PBXSourcesBuildPhase section */

/* Begin PBXVariantGroup section */
		B9CC92D11A616122005F17F0 /* Main.storyboard */ = {
			isa = PBXVariantGroup;
			children = (
				B9CC92D21A616122005F17F0 /* Base */,
			);
			name = Main.storyboard;
			sourceTree = "<group>";
		};
		B9CC92D61A616122005F17F0 /* LaunchScreen.xib */ = {
			isa = PBXVariantGroup;
			children = (
				B9CC92D71A616122005F17F0 /* Base */,
			);
			name = LaunchScreen.xib;
			sourceTree = "<group>";
		};
/* End PBXVariantGroup section */

/* Begin XCBuildConfiguration section */
		B9CC92E51A616122005F17F0 /* Debug */ = {
			isa = XCBuildConfiguration;
			buildSettings = {
				ALWAYS_SEARCH_USER_PATHS = NO;
				CLANG_CXX_LANGUAGE_STANDARD = "gnu++0x";
				CLANG_CXX_LIBRARY = "libc++";
				CLANG_ENABLE_MODULES = YES;
				CLANG_ENABLE_OBJC_ARC = YES;
				CLANG_WARN_BOOL_CONVERSION = YES;
				CLANG_WARN_CONSTANT_CONVERSION = YES;
				CLANG_WARN_DIRECT_OBJC_ISA_USAGE = YES_ERROR;
				CLANG_WARN_EMPTY_BODY = YES;
				CLANG_WARN_ENUM_CONVERSION = YES;
				CLANG_WARN_INT_CONVERSION = YES;
				CLANG_WARN_OBJC_ROOT_CLASS = YES_ERROR;
				CLANG_WARN_UNREACHABLE_CODE = YES;
				CLANG_WARN__DUPLICATE_METHOD_MATCH = YES;
				"CODE_SIGN_IDENTITY[sdk=iphoneos*]" = "iPhone Developer";
				COPY_PHASE_STRIP = NO;
				ENABLE_STRICT_OBJC_MSGSEND = YES;
				GCC_C_LANGUAGE_STANDARD = gnu99;
				GCC_DYNAMIC_NO_PIC = NO;
				GCC_OPTIMIZATION_LEVEL = 0;
				GCC_PREPROCESSOR_DEFINITIONS = (
					"DEBUG=1",
					"$(inherited)",
				);
				GCC_SYMBOLS_PRIVATE_EXTERN = NO;
				GCC_WARN_64_TO_32_BIT_CONVERSION = YES;
				GCC_WARN_ABOUT_RETURN_TYPE = YES_ERROR;
				GCC_WARN_UNDECLARED_SELECTOR = YES;
				GCC_WARN_UNINITIALIZED_AUTOS = YES_AGGRESSIVE;
				GCC_WARN_UNUSED_FUNCTION = YES;
				GCC_WARN_UNUSED_VARIABLE = YES;
				IPHONEOS_DEPLOYMENT_TARGET = 8.2;
				MTL_ENABLE_DEBUG_INFO = YES;
				ONLY_ACTIVE_ARCH = YES;
				SDKROOT = iphoneos;
				SWIFT_OPTIMIZATION_LEVEL = "-Onone";
			};
			name = Debug;
		};
		B9CC92E61A616122005F17F0 /* Release */ = {
			isa = XCBuildConfiguration;
			buildSettings = {
				ALWAYS_SEARCH_USER_PATHS = NO;
				CLANG_CXX_LANGUAGE_STANDARD = "gnu++0x";
				CLANG_CXX_LIBRARY = "libc++";
				CLANG_ENABLE_MODULES = YES;
				CLANG_ENABLE_OBJC_ARC = YES;
				CLANG_WARN_BOOL_CONVERSION = YES;
				CLANG_WARN_CONSTANT_CONVERSION = YES;
				CLANG_WARN_DIRECT_OBJC_ISA_USAGE = YES_ERROR;
				CLANG_WARN_EMPTY_BODY = YES;
				CLANG_WARN_ENUM_CONVERSION = YES;
				CLANG_WARN_INT_CONVERSION = YES;
				CLANG_WARN_OBJC_ROOT_CLASS = YES_ERROR;
				CLANG_WARN_UNREACHABLE_CODE = YES;
				CLANG_WARN__DUPLICATE_METHOD_MATCH = YES;
				"CODE_SIGN_IDENTITY[sdk=iphoneos*]" = "iPhone Developer";
				COPY_PHASE_STRIP = NO;
				ENABLE_NS_ASSERTIONS = NO;
				ENABLE_STRICT_OBJC_MSGSEND = YES;
				GCC_C_LANGUAGE_STANDARD = gnu99;
				GCC_WARN_64_TO_32_BIT_CONVERSION = YES;
				GCC_WARN_ABOUT_RETURN_TYPE = YES_ERROR;
				GCC_WARN_UNDECLARED_SELECTOR = YES;
				GCC_WARN_UNINITIALIZED_AUTOS = YES_AGGRESSIVE;
				GCC_WARN_UNUSED_FUNCTION = YES;
				GCC_WARN_UNUSED_VARIABLE = YES;
				IPHONEOS_DEPLOYMENT_TARGET = 8.2;
				MTL_ENABLE_DEBUG_INFO = NO;
				SDKROOT = iphoneos;
				VALIDATE_PRODUCT = YES;
			};
			name = Release;
		};
		B9CC92E81A616122005F17F0 /* Debug */ = {
			isa = XCBuildConfiguration;
			baseConfigurationReference = 25B4E5357578853FDEAEAA88 /* Pods.debug.xcconfig */;
			buildSettings = {
				ASSETCATALOG_COMPILER_APPICON_NAME = AppIcon;
				INFOPLIST_FILE = Obrazky/Info.plist;
				IPHONEOS_DEPLOYMENT_TARGET = 7.0;
				LD_RUNPATH_SEARCH_PATHS = "$(inherited) @executable_path/Frameworks";
				PRODUCT_NAME = "$(TARGET_NAME)";
				SWIFT_OBJC_BRIDGING_HEADER = "Obrazky/Obrazky-Bridging-Header.h";
			};
			name = Debug;
		};
		B9CC92E91A616122005F17F0 /* Release */ = {
			isa = XCBuildConfiguration;
			baseConfigurationReference = 53867B989CF54D254953728A /* Pods.release.xcconfig */;
			buildSettings = {
				ASSETCATALOG_COMPILER_APPICON_NAME = AppIcon;
				INFOPLIST_FILE = Obrazky/Info.plist;
				IPHONEOS_DEPLOYMENT_TARGET = 7.0;
				LD_RUNPATH_SEARCH_PATHS = "$(inherited) @executable_path/Frameworks";
				PRODUCT_NAME = "$(TARGET_NAME)";
				SWIFT_OBJC_BRIDGING_HEADER = "Obrazky/Obrazky-Bridging-Header.h";
			};
			name = Release;
		};
/* End XCBuildConfiguration section */

/* Begin XCConfigurationList section */
		B9CC92C31A616122005F17F0 /* Build configuration list for PBXProject "Obrazky" */ = {
			isa = XCConfigurationList;
			buildConfigurations = (
				B9CC92E51A616122005F17F0 /* Debug */,
				B9CC92E61A616122005F17F0 /* Release */,
			);
			defaultConfigurationIsVisible = 0;
			defaultConfigurationName = Release;
		};
		B9CC92E71A616122005F17F0 /* Build configuration list for PBXNativeTarget "Obrazky" */ = {
			isa = XCConfigurationList;
			buildConfigurations = (
				B9CC92E81A616122005F17F0 /* Debug */,
				B9CC92E91A616122005F17F0 /* Release */,
			);
			defaultConfigurationIsVisible = 0;
			defaultConfigurationName = Release;
		};
/* End XCConfigurationList section */
	};
	rootObject = B9CC92C01A616122005F17F0 /* Project object */;
}
